
Microsoft Visual Studio Solution File, Format Version 12.00
# Visual Studio Version 17
VisualStudioVersion = 17.0.31903.59
MinimumVisualStudioVersion = 10.0.40219.1
Project("{2150E333-8FDC-42A3-9474-1A3956D46DE8}") = "src", "src", "{827E0CD3-B72D-47B6-A68D-7590B98EB39B}"
EndProject
Project("{FAE04EC0-301F-11D3-BF4B-00C04F79EFBC}") = "EduNexus.Api", "src\EduNexus.Api\EduNexus.Api.csproj", "{117B82F9-2357-4022-87F2-2D7381AA1980}"
EndProject
Project("{FAE04EC0-301F-11D3-BF4B-00C04F79EFBC}") = "EduNexus.Foundation", "src\EduNexus.Foundation\EduNexus.Foundation.csproj", "{9013D493-1F09-4EE4-95E5-96864194A823}"
EndProject
Project("{FAE04EC0-301F-11D3-BF4B-00C04F79EFBC}") = "EduNexus.Foundation.Tests", "tests\EduNexus.Foundation.Tests\EduNexus.Foundation.Tests.csproj", "{9F55B316-5E16-4446-ACE1-DB6C7F8C2027}"
EndProject
Project("{FAE04EC0-301F-11D3-BF4B-00C04F79EFBC}") = "EduNexus.Infrastructure", "src\EduNexus.Infrastructure\EduNexus.Infrastructure.csproj", "{FF151052-4B9C-4E2D-932C-B54FE26E9856}"
EndProject
Project("{2150E333-8FDC-42A3-9474-1A3956D46DE8}") = "tests", "tests", "{0AB3BF05-4346-4AA6-1389-037BE0695223}"
EndProject
Project("{FAE04EC0-301F-11D3-BF4B-00C04F79EFBC}") = "EduNexus.Api.Tests", "tests\EduNexus.Api.Tests\EduNexus.Api.Tests.csproj", "{6625342F-0A02-4C98-96BA-A2ACEB0EC9BE}"
EndProject
Global
	GlobalSection(SolutionConfigurationPlatforms) = preSolution
		Debug|Any CPU = Debug|Any CPU
		Debug|x64 = Debug|x64
		Debug|x86 = Debug|x86
		Release|Any CPU = Release|Any CPU
		Release|x64 = Release|x64
		Release|x86 = Release|x86
	EndGlobalSection
	GlobalSection(ProjectConfigurationPlatforms) = postSolution
		{117B82F9-2357-4022-87F2-2D7381AA1980}.Debug|Any CPU.ActiveCfg = Debug|Any CPU
		{117B82F9-2357-4022-87F2-2D7381AA1980}.Debug|Any CPU.Build.0 = Debug|Any CPU
		{117B82F9-2357-4022-87F2-2D7381AA1980}.Debug|x64.ActiveCfg = Debug|Any CPU
		{117B82F9-2357-4022-87F2-2D7381AA1980}.Debug|x64.Build.0 = Debug|Any CPU
		{117B82F9-2357-4022-87F2-2D7381AA1980}.Debug|x86.ActiveCfg = Debug|Any CPU
		{117B82F9-2357-4022-87F2-2D7381AA1980}.Debug|x86.Build.0 = Debug|Any CPU
		{117B82F9-2357-4022-87F2-2D7381AA1980}.Release|Any CPU.ActiveCfg = Release|Any CPU
		{117B82F9-2357-4022-87F2-2D7381AA1980}.Release|Any CPU.Build.0 = Release|Any CPU
		{117B82F9-2357-4022-87F2-2D7381AA1980}.Release|x64.ActiveCfg = Release|Any CPU
		{117B82F9-2357-4022-87F2-2D7381AA1980}.Release|x64.Build.0 = Release|Any CPU
		{117B82F9-2357-4022-87F2-2D7381AA1980}.Release|x86.ActiveCfg = Release|Any CPU
		{117B82F9-2357-4022-87F2-2D7381AA1980}.Release|x86.Build.0 = Release|Any CPU
		{9013D493-1F09-4EE4-95E5-96864194A823}.Debug|Any CPU.ActiveCfg = Debug|Any CPU
		{9013D493-1F09-4EE4-95E5-96864194A823}.Debug|Any CPU.Build.0 = Debug|Any CPU
		{9013D493-1F09-4EE4-95E5-96864194A823}.Debug|x64.ActiveCfg = Debug|Any CPU
		{9013D493-1F09-4EE4-95E5-96864194A823}.Debug|x64.Build.0 = Debug|Any CPU
		{9013D493-1F09-4EE4-95E5-96864194A823}.Debug|x86.ActiveCfg = Debug|Any CPU
		{9013D493-1F09-4EE4-95E5-96864194A823}.Debug|x86.Build.0 = Debug|Any CPU
		{9013D493-1F09-4EE4-95E5-96864194A823}.Release|Any CPU.ActiveCfg = Release|Any CPU
		{9013D493-1F09-4EE4-95E5-96864194A823}.Release|Any CPU.Build.0 = Release|Any CPU
		{9013D493-1F09-4EE4-95E5-96864194A823}.Release|x64.ActiveCfg = Release|Any CPU
		{9013D493-1F09-4EE4-95E5-96864194A823}.Release|x64.Build.0 = Release|Any CPU
		{9013D493-1F09-4EE4-95E5-96864194A823}.Release|x86.ActiveCfg = Release|Any CPU
		{9013D493-1F09-4EE4-95E5-96864194A823}.Release|x86.Build.0 = Release|Any CPU
		{9F55B316-5E16-4446-ACE1-DB6C7F8C2027}.Debug|Any CPU.ActiveCfg = Debug|Any CPU
		{9F55B316-5E16-4446-ACE1-DB6C7F8C2027}.Debug|Any CPU.Build.0 = Debug|Any CPU
		{9F55B316-5E16-4446-ACE1-DB6C7F8C2027}.Debug|x64.ActiveCfg = Debug|Any CPU
		{9F55B316-5E16-4446-ACE1-DB6C7F8C2027}.Debug|x64.Build.0 = Debug|Any CPU
		{9F55B316-5E16-4446-ACE1-DB6C7F8C2027}.Debug|x86.ActiveCfg = Debug|Any CPU
		{9F55B316-5E16-4446-ACE1-DB6C7F8C2027}.Debug|x86.Build.0 = Debug|Any CPU
		{9F55B316-5E16-4446-ACE1-DB6C7F8C2027}.Release|Any CPU.ActiveCfg = Release|Any CPU
		{9F55B316-5E16-4446-ACE1-DB6C7F8C2027}.Release|Any CPU.Build.0 = Release|Any CPU
		{9F55B316-5E16-4446-ACE1-DB6C7F8C2027}.Release|x64.ActiveCfg = Release|Any CPU
		{9F55B316-5E16-4446-ACE1-DB6C7F8C2027}.Release|x64.Build.0 = Release|Any CPU
		{9F55B316-5E16-4446-ACE1-DB6C7F8C2027}.Release|x86.ActiveCfg = Release|Any CPU
		{9F55B316-5E16-4446-ACE1-DB6C7F8C2027}.Release|x86.Build.0 = Release|Any CPU
		{FF151052-4B9C-4E2D-932C-B54FE26E9856}.Debug|Any CPU.ActiveCfg = Debug|Any CPU
		{FF151052-4B9C-4E2D-932C-B54FE26E9856}.Debug|Any CPU.Build.0 = Debug|Any CPU
		{FF151052-4B9C-4E2D-932C-B54FE26E9856}.Debug|x64.ActiveCfg = Debug|Any CPU
		{FF151052-4B9C-4E2D-932C-B54FE26E9856}.Debug|x64.Build.0 = Debug|Any CPU
		{FF151052-4B9C-4E2D-932C-B54FE26E9856}.Debug|x86.ActiveCfg = Debug|Any CPU
		{FF151052-4B9C-4E2D-932C-B54FE26E9856}.Debug|x86.Build.0 = Debug|Any CPU
		{FF151052-4B9C-4E2D-932C-B54FE26E9856}.Release|Any CPU.ActiveCfg = Release|Any CPU
		{FF151052-4B9C-4E2D-932C-B54FE26E9856}.Release|Any CPU.Build.0 = Release|Any CPU
		{FF151052-4B9C-4E2D-932C-B54FE26E9856}.Release|x64.ActiveCfg = Release|Any CPU
		{FF151052-4B9C-4E2D-932C-B54FE26E9856}.Release|x64.Build.0 = Release|Any CPU
		{FF151052-4B9C-4E2D-932C-B54FE26E9856}.Release|x86.ActiveCfg = Release|Any CPU
		{FF151052-4B9C-4E2D-932C-B54FE26E9856}.Release|x86.Build.0 = Release|Any CPU
		{6625342F-0A02-4C98-96BA-A2ACEB0EC9BE}.Debug|Any CPU.ActiveCfg = Debug|Any CPU
		{6625342F-0A02-4C98-96BA-A2ACEB0EC9BE}.Debug|Any CPU.Build.0 = Debug|Any CPU
		{6625342F-0A02-4C98-96BA-A2ACEB0EC9BE}.Debug|x64.ActiveCfg = Debug|Any CPU
		{6625342F-0A02-4C98-96BA-A2ACEB0EC9BE}.Debug|x64.Build.0 = Debug|Any CPU
		{6625342F-0A02-4C98-96BA-A2ACEB0EC9BE}.Debug|x86.ActiveCfg = Debug|Any CPU
		{6625342F-0A02-4C98-96BA-A2ACEB0EC9BE}.Debug|x86.Build.0 = Debug|Any CPU
		{6625342F-0A02-4C98-96BA-A2ACEB0EC9BE}.Release|Any CPU.ActiveCfg = Release|Any CPU
		{6625342F-0A02-4C98-96BA-A2ACEB0EC9BE}.Release|Any CPU.Build.0 = Release|Any CPU
		{6625342F-0A02-4C98-96BA-A2ACEB0EC9BE}.Release|x64.ActiveCfg = Release|Any CPU
		{6625342F-0A02-4C98-96BA-A2ACEB0EC9BE}.Release|x64.Build.0 = Release|Any CPU
		{6625342F-0A02-4C98-96BA-A2ACEB0EC9BE}.Release|x86.ActiveCfg = Release|Any CPU
		{6625342F-0A02-4C98-96BA-A2ACEB0EC9BE}.Release|x86.Build.0 = Release|Any CPU
	EndGlobalSection
	GlobalSection(SolutionProperties) = preSolution
		HideSolutionNode = FALSE
	EndGlobalSection
	GlobalSection(NestedProjects) = preSolution
		{117B82F9-2357-4022-87F2-2D7381AA1980} = {827E0CD3-B72D-47B6-A68D-7590B98EB39B}
		{9013D493-1F09-4EE4-95E5-96864194A823} = {827E0CD3-B72D-47B6-A68D-7590B98EB39B}
		{9F55B316-5E16-4446-ACE1-DB6C7F8C2027} = {827E0CD3-B72D-47B6-A68D-7590B98EB39B}
		{FF151052-4B9C-4E2D-932C-B54FE26E9856} = {827E0CD3-B72D-47B6-A68D-7590B98EB39B}
		{6625342F-0A02-4C98-96BA-A2ACEB0EC9BE} = {0AB3BF05-4346-4AA6-1389-037BE0695223}
	EndGlobalSection
EndGlobal
